Microsoft Visual Studio Solution File, Format Version 11.00
# Visual Studio 2008

Project("{31F65591-9479-0FB8-0F2B-6B26FD4411B2}") = "cs-248-final-project", "Assembly-CSharp.csproj", "{A5CE9690-F95A-D6AF-7C29-0777058C9529}"
EndProject
Global
	GlobalSection(SolutionConfigurationPlatforms) = preSolution
		Debug|Any CPU = Debug|Any CPU
		Release|Any CPU = Release|Any CPU
	EndGlobalSection
	GlobalSection(ProjectConfigurationPlatforms) = postSolution
		{A5CE9690-F95A-D6AF-7C29-0777058C9529}.Debug|Any CPU.ActiveCfg = Debug|Any CPU
		{A5CE9690-F95A-D6AF-7C29-0777058C9529}.Debug|Any CPU.Build.0 = Debug|Any CPU
		{A5CE9690-F95A-D6AF-7C29-0777058C9529}.Release|Any CPU.ActiveCfg = Release|Any CPU
		{A5CE9690-F95A-D6AF-7C29-0777058C9529}.Release|Any CPU.Build.0 = Release|Any CPU
	EndGlobalSection
	GlobalSection(SolutionProperties) = preSolution
		HideSolutionNode = FALSE
	EndGlobalSection
	GlobalSection(MonoDevelopProperties) = preSolution
		StartupItem = Assembly-CSharp.csproj
	EndGlobalSection
EndGlobal
